github.com/go-stack/stack v1.8.0 h1:5SgMzNM5HxrEjV0ww2lTmX6E2Izsfxas4+YHWRs3Lsk=
github.com/go-stack/stack v1.8.0/go.mod h1:v0f6uXyyMGvRgIKkXu+yp6POWl0qKG85gN/melR3HDY=
github.com/go-stack/stack-test/mod1 v1.1.0 h1:+J3K9sQ9HnXfPub0/v2J4PWPO8Mle5R0mN2iAqk7Jps=
github.com/go-stack/stack-test/mod1 v1.1.0/go.mod h1:OwRvZN8H2HFeQsUSJBnJ0OOyLFTFPV/qwtFjzvGXP1k=
github.com/go-stack/stack-test/mod2/v2 v2.0.0 h1:sD/P5UH5qbMJ8voZWGb/ABxFjm3XDhJZYivlhLq3tVI=
github.com/go-stack/stack-test/mod2/v2 v2.0.0/go.mod h1:DNmputHjVhSKyxC8uyTzS7d3AY8KJgCX7sI6kiM/kzY=
